# This file is automatically generated.
# It is not intended for manual editing.
version = 1

[[packages]]
name = "wasi:cli"
registry = "wasi.dev"

[[packages.versions]]
requirement = "=0.2.10"
version = "0.2.10"
digest = "sha256:0ce8714c597191cf9b7b37c4bd2033a33b086e5af486ac2f1a880308040cad1a"

[[packages]]
name = "wasi:clocks"
registry = "wasi.dev"

[[packages.versions]]
requirement = "=0.2.0"
version = "0.2.0"
digest = "sha256:51911098e929732f65d1d84f8dc393299f18a9e8de632d854714f37142efe97b"

[[packages]]
name = "wasi:http"
registry = "wasi.dev"

[[packages.versions]]
requirement = "=0.2.10"
version = "0.2.10"
digest = "sha256:480d578a1afdce11e4784c087134990b88dae9833af8b75dd3cf7f5d9a6d6ee2"

[[packages]]
name = "wasi:io"
registry = "wasi.dev"

[[packages.versions]]
requirement = "=0.2.0"
version = "0.2.0"
digest = "sha256:c33b1dbf050f64229ff4decbf9a3d3420e0643a86f5f0cea29f81054820020a6"

[[packages]]
name = "wasi:logging"
registry = "wasi.dev"

[[packages.versions]]
requirement = "=0.1.0-draft"
version = "0.1.0-draft"
digest = "sha256:09621a45b12b0a9cddc798517f778aac0e5ae4bd234077b3d70758d6cf625580"
