# This file is automatically generated.
# It is not intended for manual editing.
version = 1

[[packages]]
name = "splicer:tier1"
registry = "ejrgilbert"

[[packages.versions]]
requirement = "=0.3.0"
version = "0.3.0"
digest = "sha256:f611e188697b7481761f8a78177abae7fbe491c6b521b59213167efcd44df172"

[[packages]]
name = "wasi:cli"
registry = "wasi.dev"

[[packages.versions]]
requirement = "=0.2.10"
version = "0.2.10"
digest = "sha256:0ce8714c597191cf9b7b37c4bd2033a33b086e5af486ac2f1a880308040cad1a"

[[packages]]
name = "wasi:clocks"
registry = "wasi.dev"

[[packages.versions]]
requirement = "=0.2.0"
version = "0.2.0"
digest = "sha256:51911098e929732f65d1d84f8dc393299f18a9e8de632d854714f37142efe97b"

[[packages]]
name = "wasi:otel"
registry = "ewoutv"

[[packages.versions]]
requirement = "=0.2.0-rc.3"
version = "0.2.0-rc.3"
digest = "sha256:6a4d83598b2b52c6e24e8959ba9f860f663ab416ef50a0c45be0bc7d69f84c82"

[[packages]]
name = "wasi:random"
registry = "wasi.dev"

[[packages.versions]]
requirement = "=0.2.10"
version = "0.2.10"
digest = "sha256:cdba834d815cba4de886afae8e41d46307de14959636828df91a77e34100df5a"
